
Microsoft Visual Studio Solution File, Format Version 12.00
# Visual Studio Version 16
VisualStudioVersion = 16.0.30011.22
MinimumVisualStudioVersion = 10.0.40219.1
Project("{FAE04EC0-301F-11D3-BF4B-00C04F79EFBC}") = "GBasicExchangeDefinitions", "GBasicExchangeDefinitions.csproj", "{14AC7B49-F1FB-49CB-8D4E-A960C64864F8}"
EndProject
Global
	GlobalSection(SolutionConfigurationPlatforms) = preSolution
		Debug|Any CPU = Debug|Any CPU
		Release|Any CPU = Release|Any CPU
	EndGlobalSection
	GlobalSection(ProjectConfigurationPlatforms) = postSolution
		{14AC7B49-F1FB-49CB-8D4E-A960C64864F8}.Debug|Any CPU.ActiveCfg = Debug|Any CPU
		{14AC7B49-F1FB-49CB-8D4E-A960C64864F8}.Debug|Any CPU.Build.0 = Debug|Any CPU
		{14AC7B49-F1FB-49CB-8D4E-A960C64864F8}.Release|Any CPU.ActiveCfg = Release|Any CPU
		{14AC7B49-F1FB-49CB-8D4E-A960C64864F8}.Release|Any CPU.Build.0 = Release|Any CPU
	EndGlobalSection
	GlobalSection(SolutionProperties) = preSolution
		HideSolutionNode = FALSE
	EndGlobalSection
	GlobalSection(ExtensibilityGlobals) = postSolution
		SolutionGuid = {90FCC413-BF4B-46ED-8B2B-C193A08270D6}
	EndGlobalSection
EndGlobal
